// !$*UTF8*$!
{
	archiveVersion = 1;
	classes = {
	};
	objectVersion = 50;
	objects = {

/* Begin PBXBuildFile section */
		D0567C8A23D6D2220099DA9F /* AppDelegate.swift in Sources */ = {isa = PBXBuildFile; fileRef = D0567C8923D6D2220099DA9F /* AppDelegate.swift */; };
		D0567C8C23D6D2220099DA9F /* SceneDelegate.swift in Sources */ = {isa = PBXBuildFile; fileRef = D0567C8B23D6D2220099DA9F /* SceneDelegate.swift */; };
		D0567C8E23D6D2220099DA9F /* ViewController.swift in Sources */ = {isa = PBXBuildFile; fileRef = D0567C8D23D6D2220099DA9F /* ViewController.swift */; };
		D0567C9123D6D2220099DA9F /* Main.storyboard in Resources */ = {isa = PBXBuildFile; fileRef = D0567C8F23D6D2220099DA9F /* Main.storyboard */; };
		D0567C9323D6D22D0099DA9F /* Assets.xcassets in Resources */ = {isa = PBXBuildFile; fileRef = D0567C9223D6D22D0099DA9F /* Assets.xcassets */; };
		D0567C9623D6D22D0099DA9F /* LaunchScreen.storyboard in Resources */ = {isa = PBXBuildFile; fileRef = D0567C9423D6D22D0099DA9F /* LaunchScreen.storyboard */; };
		D0567CA123D6D22E0099DA9F /* SecondKadaiAppTests.swift in Sources */ = {isa = PBXBuildFile; fileRef = D0567CA023D6D22E0099DA9F /* SecondKadaiAppTests.swift */; };
		D0567CAC23D6D22E0099DA9F /* SecondKadaiAppUITests.swift in Sources */ = {isa = PBXBuildFile; fileRef = D0567CAB23D6D22E0099DA9F /* SecondKadaiAppUITests.swift */; };
/* End PBXBuildFile section */

/* Begin PBXContainerItemProxy section */
		D0567C9D23D6D22E0099DA9F /* PBXContainerItemProxy */ = {
			isa = PBXContainerItemProxy;
			containerPortal = D0567C7E23D6D2220099DA9F /* Project object */;
			proxyType = 1;
			remoteGlobalIDString = D0567C8523D6D2220099DA9F;
			remoteInfo = SecondKadaiApp;
		};
		D0567CA823D6D22E0099DA9F /* PBXContainerItemProxy */ = {
			isa = PBXContainerItemProxy;
			containerPortal = D0567C7E23D6D2220099DA9F /* Project object */;
			proxyType = 1;
			remoteGlobalIDString = D0567C8523D6D2220099DA9F;
			remoteInfo = SecondKadaiApp;
		};
/* End PBXContainerItemProxy section */

/* Begin PBXFileReference section */
		D0567C8623D6D2220099DA9F /* SecondKadaiApp.app */ = {isa = PBXFileReference; explicitFileType = wrapper.application; includeInIndex = 0; path = SecondKadaiApp.app; sourceTree = BUILT_PRODUCTS_DIR; };
		D0567C8923D6D2220099DA9F /* AppDelegate.swift */ = {isa = PBXFileReference; lastKnownFileType = sourcecode.swift; path = AppDelegate.swift; sourceTree = "<group>"; };
		D0567C8B23D6D2220099DA9F /* SceneDelegate.swift */ = {isa = PBXFileReference; lastKnownFileType = sourcecode.swift; path = SceneDelegate.swift; sourceTree = "<group>"; };
		D0567C8D23D6D2220099DA9F /* ViewController.swift */ = {isa = PBXFileReference; lastKnownFileType = sourcecode.swift; path = ViewController.swift; sourceTree = "<group>"; };
		D0567C9023D6D2220099DA9F /* Base */ = {isa = PBXFileReference; lastKnownFileType = file.storyboard; name = Base; path = Base.lproj/Main.storyboard; sourceTree = "<group>"; };
		D0567C9223D6D22D0099DA9F /* Assets.xcassets */ = {isa = PBXFileReference; lastKnownFileType = folder.assetcatalog; path = Assets.xcassets; sourceTree = "<group>"; };
		D0567C9523D6D22D0099DA9F /* Base */ = {isa = PBXFileReference; lastKnownFileType = file.storyboard; name = Base; path = Base.lproj/LaunchScreen.storyboard; sourceTree = "<group>"; };
		D0567C9723D6D22D0099DA9F /* Info.plist */ = {isa = PBXFileReference; lastKnownFileType = text.plist.xml; path = Info.plist; sourceTree = "<group>"; };
		D0567C9C23D6D22E0099DA9F /* SecondKadaiAppTests.xctest */ = {isa = PBXFileReference; explicitFileType = wrapper.cfbundle; includeInIndex = 0; path = SecondKadaiAppTests.xctest; sourceTree = BUILT_PRODUCTS_DIR; };
		D0567CA023D6D22E0099DA9F /* SecondKadaiAppTests.swift */ = {isa = PBXFileReference; lastKnownFileType = sourcecode.swift; path = SecondKadaiAppTests.swift; sourceTree = "<group>"; };
		D0567CA223D6D22E0099DA9F /* Info.plist */ = {isa = PBXFileReference; lastKnownFileType = text.plist.xml; path = Info.plist; sourceTree = "<group>"; };
		D0567CA723D6D22E0099DA9F /* SecondKadaiAppUITests.xctest */ = {isa = PBXFileReference; explicitFileType = wrapper.cfbundle; includeInIndex = 0; path = SecondKadaiAppUITests.xctest; sourceTree = BUILT_PRODUCTS_DIR; };
		D0567CAB23D6D22E0099DA9F /* SecondKadaiAppUITests.swift */ = {isa = PBXFileReference; lastKnownFileType = sourcecode.swift; path = SecondKadaiAppUITests.swift; sourceTree = "<group>"; };
		D0567CAD23D6D22E0099DA9F /* Info.plist */ = {isa = PBXFileReference; lastKnownFileType = text.plist.xml; path = Info.plist; sourceTree = "<group>"; };
/* End PBXFileReference section */

/* Begin PBXFrameworksBuildPhase section */
		D0567C8323D6D2220099DA9F /* Frameworks */ = {
			isa = PBXFrameworksBuildPhase;
			buildActionMask = 2147483647;
			files = (
			);
			runOnlyForDeploymentPostprocessing = 0;
		};
		D0567C9923D6D22E0099DA9F /* Frameworks */ = {
			isa = PBXFrameworksBuildPhase;
			buildActionMask = 2147483647;
			files = (
			);
			runOnlyForDeploymentPostprocessing = 0;
		};
		D0567CA423D6D22E0099DA9F /* Frameworks */ = {
			isa = PBXFrameworksBuildPhase;
			buildActionMask = 2147483647;
			files = (
			);
			runOnlyForDeploymentPostprocessing = 0;
		};
/* End PBXFrameworksBuildPhase section */

/* Begin PBXGroup section */
		D0567C7D23D6D2220099DA9F = {
			isa = PBXGroup;
			children = (
				D0567C8823D6D2220099DA9F /* SecondKadaiApp */,
				D0567C9F23D6D22E0099DA9F /* SecondKadaiAppTests */,
				D0567CAA23D6D22E0099DA9F /* SecondKadaiAppUITests */,
				D0567C8723D6D2220099DA9F /* Products */,
			);
			sourceTree = "<group>";
		};
		D0567C8723D6D2220099DA9F /* Products */ = {
			isa = PBXGroup;
			children = (
				D0567C8623D6D2220099DA9F /* SecondKadaiApp.app */,
				D0567C9C23D6D22E0099DA9F /* SecondKadaiAppTests.xctest */,
				D0567CA723D6D22E0099DA9F /* SecondKadaiAppUITests.xctest */,
			);
			name = Products;
			sourceTree = "<group>";
		};
		D0567C8823D6D2220099DA9F /* SecondKadaiApp */ = {
			isa = PBXGroup;
			children = (
				D0567C8923D6D2220099DA9F /* AppDelegate.swift */,
				D0567C8B23D6D2220099DA9F /* SceneDelegate.swift */,
				D0567C8D23D6D2220099DA9F /* ViewController.swift */,
				D0567C8F23D6D2220099DA9F /* Main.storyboard */,
				D0567C9223D6D22D0099DA9F /* Assets.xcassets */,
				D0567C9423D6D22D0099DA9F /* LaunchScreen.storyboard */,
				D0567C9723D6D22D0099DA9F /* Info.plist */,
			);
			path = SecondKadaiApp;
			sourceTree = "<group>";
		};
		D0567C9F23D6D22E0099DA9F /* SecondKadaiAppTests */ = {
			isa = PBXGroup;
			children = (
				D0567CA023D6D22E0099DA9F /* SecondKadaiAppTests.swift */,
				D0567CA223D6D22E0099DA9F /* Info.plist */,
			);
			path = SecondKadaiAppTests;
			sourceTree = "<group>";
		};
		D0567CAA23D6D22E0099DA9F /* SecondKadaiAppUITests */ = {
			isa = PBXGroup;
			children = (
				D0567CAB23D6D22E0099DA9F /* SecondKadaiAppUITests.swift */,
				D0567CAD23D6D22E0099DA9F /* Info.plist */,
			);
			path = SecondKadaiAppUITests;
			sourceTree = "<group>";
		};
/* End PBXGroup section */

/* Begin PBXNativeTarget section */
		D0567C8523D6D2220099DA9F /* SecondKadaiApp */ = {
			isa = PBXNativeTarget;
			buildConfigurationList = D0567CB023D6D22E0099DA9F /* Build configuration list for PBXNativeTarget "SecondKadaiApp" */;
			buildPhases = (
				D0567C8223D6D2220099DA9F /* Sources */,
				D0567C8323D6D2220099DA9F /* Frameworks */,
				D0567C8423D6D2220099DA9F /* Resources */,
			);
			buildRules = (
			);
			dependencies = (
			);
			name = SecondKadaiApp;
			productName = SecondKadaiApp;
			productReference = D0567C8623D6D2220099DA9F /* SecondKadaiApp.app */;
			productType = "com.apple.product-type.application";
		};
		D0567C9B23D6D22E0099DA9F /* SecondKadaiAppTests */ = {
			isa = PBXNativeTarget;
			buildConfigurationList = D0567CB323D6D22E0099DA9F /* Build configuration list for PBXNativeTarget "SecondKadaiAppTests" */;
			buildPhases = (
				D0567C9823D6D22E0099DA9F /* Sources */,
				D0567C9923D6D22E0099DA9F /* Frameworks */,
				D0567C9A23D6D22E0099DA9F /* Resources */,
			);
			buildRules = (
			);
			dependencies = (
				D0567C9E23D6D22E0099DA9F /* PBXTargetDependency */,
			);
			name = SecondKadaiAppTests;
			productName = SecondKadaiAppTests;
			productReference = D0567C9C23D6D22E0099DA9F /* SecondKadaiAppTests.xctest */;
			productType = "com.apple.product-type.bundle.unit-test";
		};
		D0567CA623D6D22E0099DA9F /* SecondKadaiAppUITests */ = {
			isa = PBXNativeTarget;
			buildConfigurationList = D0567CB623D6D22E0099DA9F /* Build configuration list for PBXNativeTarget "SecondKadaiAppUITests" */;
			buildPhases = (
				D0567CA323D6D22E0099DA9F /* Sources */,
				D0567CA423D6D22E0099DA9F /* Frameworks */,
				D0567CA523D6D22E0099DA9F /* Resources */,
			);
			buildRules = (
			);
			dependencies = (
				D0567CA923D6D22E0099DA9F /* PBXTargetDependency */,
			);
			name = SecondKadaiAppUITests;
			productName = SecondKadaiAppUITests;
			productReference = D0567CA723D6D22E0099DA9F /* SecondKadaiAppUITests.xctest */;
			productType = "com.apple.product-type.bundle.ui-testing";
		};
/* End PBXNativeTarget section */

/* Begin PBXProject section */
		D0567C7E23D6D2220099DA9F /* Project object */ = {
			isa = PBXProject;
			attributes = {
				LastSwiftUpdateCheck = 1110;
				LastUpgradeCheck = 1110;
				ORGANIZATIONNAME = ShibayamaKentaro;
				TargetAttributes = {
					D0567C8523D6D2220099DA9F = {
						CreatedOnToolsVersion = 11.1;
					};
					D0567C9B23D6D22E0099DA9F = {
						CreatedOnToolsVersion = 11.1;
						TestTargetID = D0567C8523D6D2220099DA9F;
					};
					D0567CA623D6D22E0099DA9F = {
						CreatedOnToolsVersion = 11.1;
						TestTargetID = D0567C8523D6D2220099DA9F;
					};
				};
			};
			buildConfigurationList = D0567C8123D6D2220099DA9F /* Build configuration list for PBXProject "SecondKadaiApp" */;
			compatibilityVersion = "Xcode 9.3";
			developmentRegion = en;
			hasScannedForEncodings = 0;
			knownRegions = (
				en,
				Base,
			);
			mainGroup = D0567C7D23D6D2220099DA9F;
			productRefGroup = D0567C8723D6D2220099DA9F /* Products */;
			projectDirPath = "";
			projectRoot = "";
			targets = (
				D0567C8523D6D2220099DA9F /* SecondKadaiApp */,
				D0567C9B23D6D22E0099DA9F /* SecondKadaiAppTests */,
				D0567CA623D6D22E0099DA9F /* SecondKadaiAppUITests */,
			);
		};
/* End PBXProject section */

/* Begin PBXResourcesBuildPhase section */
		D0567C8423D6D2220099DA9F /* Resources */ = {
			isa = PBXResourcesBuildPhase;
			buildActionMask = 2147483647;
			files = (
				D0567C9623D6D22D0099DA9F /* LaunchScreen.storyboard in Resources */,
				D0567C9323D6D22D0099DA9F /* Assets.xcassets in Resources */,
				D0567C9123D6D2220099DA9F /* Main.storyboard in Resources */,
			);
			runOnlyForDeploymentPostprocessing = 0;
		};
		D0567C9A23D6D22E0099DA9F /* Resources */ = {
			isa = PBXResourcesBuildPhase;
			buildActionMask = 2147483647;
			files = (
			);
			runOnlyForDeploymentPostprocessing = 0;
		};
		D0567CA523D6D22E0099DA9F /* Resources */ = {
			isa = PBXResourcesBuildPhase;
			buildActionMask = 2147483647;
			files = (
			);
			runOnlyForDeploymentPostprocessing = 0;
		};
/* End PBXResourcesBuildPhase section */

/* Begin PBXSourcesBuildPhase section */
		D0567C8223D6D2220099DA9F /* Sources */ = {
			isa = PBXSourcesBuildPhase;
			buildActionMask = 2147483647;
			files = (
				D0567C8E23D6D2220099DA9F /* ViewController.swift in Sources */,
				D0567C8A23D6D2220099DA9F /* AppDelegate.swift in Sources */,
				D0567C8C23D6D2220099DA9F /* SceneDelegate.swift in Sources */,
			);
			runOnlyForDeploymentPostprocessing = 0;
		};
		D0567C9823D6D22E0099DA9F /* Sources */ = {
			isa = PBXSourcesBuildPhase;
			buildActionMask = 2147483647;
			files = (
				D0567CA123D6D22E0099DA9F /* SecondKadaiAppTests.swift in Sources */,
			);
			runOnlyForDeploymentPostprocessing = 0;
		};
		D0567CA323D6D22E0099DA9F /* Sources */ = {
			isa = PBXSourcesBuildPhase;
			buildActionMask = 2147483647;
			files = (
				D0567CAC23D6D22E0099DA9F /* SecondKadaiAppUITests.swift in Sources */,
			);
			runOnlyForDeploymentPostprocessing = 0;
		};
/* End PBXSourcesBuildPhase section */

/* Begin PBXTargetDependency section */
		D0567C9E23D6D22E0099DA9F /* PBXTargetDependency */ = {
			isa = PBXTargetDependency;
			target = D0567C8523D6D2220099DA9F /* SecondKadaiApp */;
			targetProxy = D0567C9D23D6D22E0099DA9F /* PBXContainerItemProxy */;
		};
		D0567CA923D6D22E0099DA9F /* PBXTargetDependency */ = {
			isa = PBXTargetDependency;
			target = D0567C8523D6D2220099DA9F /* SecondKadaiApp */;
			targetProxy = D0567CA823D6D22E0099DA9F /* PBXContainerItemProxy */;
		};
/* End PBXTargetDependency section */

/* Begin PBXVariantGroup section */
		D0567C8F23D6D2220099DA9F /* Main.storyboard */ = {
			isa = PBXVariantGroup;
			children = (
				D0567C9023D6D2220099DA9F /* Base */,
			);
			name = Main.storyboard;
			sourceTree = "<group>";
		};
		D0567C9423D6D22D0099DA9F /* LaunchScreen.storyboard */ = {
			isa = PBXVariantGroup;
			children = (
				D0567C9523D6D22D0099DA9F /* Base */,
			);
			name = LaunchScreen.storyboard;
			sourceTree = "<group>";
		};
/* End PBXVariantGroup section */

/* Begin XCBuildConfiguration section */
		D0567CAE23D6D22E0099DA9F /* Debug */ = {
			isa = XCBuildConfiguration;
			buildSettings = {
				ALWAYS_SEARCH_USER_PATHS = NO;
				CLANG_ANALYZER_NONNULL = YES;
				CLANG_ANALYZER_NUMBER_OBJECT_CONVERSION = YES_AGGRESSIVE;
				CLANG_CXX_LANGUAGE_STANDARD = "gnu++14";
				CLANG_CXX_LIBRARY = "libc++";
				CLANG_ENABLE_MODULES = YES;
				CLANG_ENABLE_OBJC_ARC = YES;
				CLANG_ENABLE_OBJC_WEAK = YES;
				CLANG_WARN_BLOCK_CAPTURE_AUTORELEASING = YES;
				CLANG_WARN_BOOL_CONVERSION = YES;
				CLANG_WARN_COMMA = YES;
				CLANG_WARN_CONSTANT_CONVERSION = YES;
				CLANG_WARN_DEPRECATED_OBJC_IMPLEMENTATIONS = YES;
				CLANG_WARN_DIRECT_OBJC_ISA_USAGE = YES_ERROR;
				CLANG_WARN_DOCUMENTATION_COMMENTS = YES;
				CLANG_WARN_EMPTY_BODY = YES;
				CLANG_WARN_ENUM_CONVERSION = YES;
				CLANG_WARN_INFINITE_RECURSION = YES;
				CLANG_WARN_INT_CONVERSION = YES;
				CLANG_WARN_NON_LITERAL_NULL_CONVERSION = YES;
				CLANG_WARN_OBJC_IMPLICIT_RETAIN_SELF = YES;
				CLANG_WARN_OBJC_LITERAL_CONVERSION = YES;
				CLANG_WARN_OBJC_ROOT_CLASS = YES_ERROR;
				CLANG_WARN_RANGE_LOOP_ANALYSIS = YES;
				CLANG_WARN_STRICT_PROTOTYPES = YES;
				CLANG_WARN_SUSPICIOUS_MOVE = YES;
				CLANG_WARN_UNGUARDED_AVAILABILITY = YES_AGGRESSIVE;
				CLANG_WARN_UNREACHABLE_CODE = YES;
				CLANG_WARN__DUPLICATE_METHOD_MATCH = YES;
				COPY_PHASE_STRIP = NO;
				DEBUG_INFORMATION_FORMAT = dwarf;
				ENABLE_STRICT_OBJC_MSGSEND = YES;
				ENABLE_TESTABILITY = YES;
				GCC_C_LANGUAGE_STANDARD = gnu11;
				GCC_DYNAMIC_NO_PIC = NO;
				GCC_NO_COMMON_BLOCKS = YES;
				GCC_OPTIMIZATION_LEVEL = 0;
				GCC_PREPROCESSOR_DEFINITIONS = (
					"DEBUG=1",
					"$(inherited)",
				);
				GCC_WARN_64_TO_32_BIT_CONVERSION = YES;
				GCC_WARN_ABOUT_RETURN_TYPE = YES_ERROR;
				GCC_WARN_UNDECLARED_SELECTOR = YES;
				GCC_WARN_UNINITIALIZED_AUTOS = YES_AGGRESSIVE;
				GCC_WARN_UNUSED_FUNCTION = YES;
				GCC_WARN_UNUSED_VARIABLE = YES;
				IPHONEOS_DEPLOYMENT_TARGET = 13.1;
				MTL_ENABLE_DEBUG_INFO = INCLUDE_SOURCE;
				MTL_FAST_MATH = YES;
				ONLY_ACTIVE_ARCH = YES;
				SDKROOT = iphoneos;
				SWIFT_ACTIVE_COMPILATION_CONDITIONS = DEBUG;
				SWIFT_OPTIMIZATION_LEVEL = "-Onone";
			};
			name = Debug;
		};
		D0567CAF23D6D22E0099DA9F /* Release */ = {
			isa = XCBuildConfiguration;
			buildSettings = {
				ALWAYS_SEARCH_USER_PATHS = NO;
				CLANG_ANALYZER_NONNULL = YES;
				CLANG_ANALYZER_NUMBER_OBJECT_CONVERSION = YES_AGGRESSIVE;
				CLANG_CXX_LANGUAGE_STANDARD = "gnu++14";
				CLANG_CXX_LIBRARY = "libc++";
				CLANG_ENABLE_MODULES = YES;
				CLANG_ENABLE_OBJC_ARC = YES;
				CLANG_ENABLE_OBJC_WEAK = YES;
				CLANG_WARN_BLOCK_CAPTURE_AUTORELEASING = YES;
				CLANG_WARN_BOOL_CONVERSION = YES;
				CLANG_WARN_COMMA = YES;
				CLANG_WARN_CONSTANT_CONVERSION = YES;
				CLANG_WARN_DEPRECATED_OBJC_IMPLEMENTATIONS = YES;
				CLANG_WARN_DIRECT_OBJC_ISA_USAGE = YES_ERROR;
				CLANG_WARN_DOCUMENTATION_COMMENTS = YES;
				CLANG_WARN_EMPTY_BODY = YES;
				CLANG_WARN_ENUM_CONVERSION = YES;
				CLANG_WARN_INFINITE_RECURSION = YES;
				CLANG_WARN_INT_CONVERSION = YES;
				CLANG_WARN_NON_LITERAL_NULL_CONVERSION = YES;
				CLANG_WARN_OBJC_IMPLICIT_RETAIN_SELF = YES;
				CLANG_WARN_OBJC_LITERAL_CONVERSION = YES;
				CLANG_WARN_OBJC_ROOT_CLASS = YES_ERROR;
				CLANG_WARN_RANGE_LOOP_ANALYSIS = YES;
				CLANG_WARN_STRICT_PROTOTYPES = YES;
				CLANG_WARN_SUSPICIOUS_MOVE = YES;
				CLANG_WARN_UNGUARDED_AVAILABILITY = YES_AGGRESSIVE;
				CLANG_WARN_UNREACHABLE_CODE = YES;
				CLANG_WARN__DUPLICATE_METHOD_MATCH = YES;
				COPY_PHASE_STRIP = NO;
				DEBUG_INFORMATION_FORMAT = "dwarf-with-dsym";
				ENABLE_NS_ASSERTIONS = NO;
				ENABLE_STRICT_OBJC_MSGSEND = YES;
				GCC_C_LANGUAGE_STANDARD = gnu11;
				GCC_NO_COMMON_BLOCKS = YES;
				GCC_WARN_64_TO_32_BIT_CONVERSION = YES;
				GCC_WARN_ABOUT_RETURN_TYPE = YES_ERROR;
				GCC_WARN_UNDECLARED_SELECTOR = YES;
				GCC_WARN_UNINITIALIZED_AUTOS = YES_AGGRESSIVE;
				GCC_WARN_UNUSED_FUNCTION = YES;
				GCC_WARN_UNUSED_VARIABLE = YES;
				IPHONEOS_DEPLOYMENT_TARGET = 13.1;
				MTL_ENABLE_DEBUG_INFO = NO;
				MTL_FAST_MATH = YES;
				SDKROOT = iphoneos;
				SWIFT_COMPILATION_MODE = wholemodule;
				SWIFT_OPTIMIZATION_LEVEL = "-O";
				VALIDATE_PRODUCT = YES;
			};
			name = Release;
		};
		D0567CB123D6D22E0099DA9F /* Debug */ = {
			isa = XCBuildConfiguration;
			buildSettings = {
				ASSETCATALOG_COMPILER_APPICON_NAME = AppIcon;
				CODE_SIGN_STYLE = Automatic;
				INFOPLIST_FILE = SecondKadaiApp/Info.plist;
				LD_RUNPATH_SEARCH_PATHS = (
					"$(inherited)",
					"@executable_path/Frameworks",
				);
				PRODUCT_BUNDLE_IDENTIFIER = Shibayama.SecondKadaiApp;
				PRODUCT_NAME = "$(TARGET_NAME)";
				SWIFT_VERSION = 5.0;
				TARGETED_DEVICE_FAMILY = "1,2";
			};
			name = Debug;
		};
		D0567CB223D6D22E0099DA9F /* Release */ = {
			isa = XCBuildConfiguration;
			buildSettings = {
				ASSETCATALOG_COMPILER_APPICON_NAME = AppIcon;
				CODE_SIGN_STYLE = Automatic;
				INFOPLIST_FILE = SecondKadaiApp/Info.plist;
				LD_RUNPATH_SEARCH_PATHS = (
					"$(inherited)",
					"@executable_path/Frameworks",
				);
				PRODUCT_BUNDLE_IDENTIFIER = Shibayama.SecondKadaiApp;
				PRODUCT_NAME = "$(TARGET_NAME)";
				SWIFT_VERSION = 5.0;
				TARGETED_DEVICE_FAMILY = "1,2";
			};
			name = Release;
		};
		D0567CB423D6D22E0099DA9F /* Debug */ = {
			isa = XCBuildConfiguration;
			buildSettings = {
				ALWAYS_EMBED_SWIFT_STANDARD_LIBRARIES = YES;
				BUNDLE_LOADER = "$(TEST_HOST)";
				CODE_SIGN_STYLE = Automatic;
				INFOPLIST_FILE = SecondKadaiAppTests/Info.plist;
				IPHONEOS_DEPLOYMENT_TARGET = 13.1;
				LD_RUNPATH_SEARCH_PATHS = (
					"$(inherited)",
					"@executable_path/Frameworks",
					"@loader_path/Frameworks",
				);
				PRODUCT_BUNDLE_IDENTIFIER = Shibayama.SecondKadaiAppTests;
				PRODUCT_NAME = "$(TARGET_NAME)";
				SWIFT_VERSION = 5.0;
				TARGETED_DEVICE_FAMILY = "1,2";
				TEST_HOST = "$(BUILT_PRODUCTS_DIR)/SecondKadaiApp.app/SecondKadaiApp";
			};
			name = Debug;
		};
		D0567CB523D6D22E0099DA9F /* Release */ = {
			isa = XCBuildConfiguration;
			buildSettings = {
				ALWAYS_EMBED_SWIFT_STANDARD_LIBRARIES = YES;
				BUNDLE_LOADER = "$(TEST_HOST)";
				CODE_SIGN_STYLE = Automatic;
				INFOPLIST_FILE = SecondKadaiAppTests/Info.plist;
				IPHONEOS_DEPLOYMENT_TARGET = 13.1;
				LD_RUNPATH_SEARCH_PATHS = (
					"$(inherited)",
					"@executable_path/Frameworks",
					"@loader_path/Frameworks",
				);
				PRODUCT_BUNDLE_IDENTIFIER = Shibayama.SecondKadaiAppTests;
				PRODUCT_NAME = "$(TARGET_NAME)";
				SWIFT_VERSION = 5.0;
				TARGETED_DEVICE_FAMILY = "1,2";
				TEST_HOST = "$(BUILT_PRODUCTS_DIR)/SecondKadaiApp.app/SecondKadaiApp";
			};
			name = Release;
		};
		D0567CB723D6D22E0099DA9F /* Debug */ = {
			isa = XCBuildConfiguration;
			buildSettings = {
				ALWAYS_EMBED_SWIFT_STANDARD_LIBRARIES = YES;
				CODE_SIGN_STYLE = Automatic;
				INFOPLIST_FILE = SecondKadaiAppUITests/Info.plist;
				LD_RUNPATH_SEARCH_PATHS = (
					"$(inherited)",
					"@executable_path/Frameworks",
					"@loader_path/Frameworks",
				);
				PRODUCT_BUNDLE_IDENTIFIER = Shibayama.SecondKadaiAppUITests;
				PRODUCT_NAME = "$(TARGET_NAME)";
				SWIFT_VERSION = 5.0;
				TARGETED_DEVICE_FAMILY = "1,2";
				TEST_TARGET_NAME = SecondKadaiApp;
			};
			name = Debug;
		};
		D0567CB823D6D22E0099DA9F /* Release */ = {
			isa = XCBuildConfiguration;
			buildSettings = {
				ALWAYS_EMBED_SWIFT_STANDARD_LIBRARIES = YES;
				CODE_SIGN_STYLE = Automatic;
				INFOPLIST_FILE = SecondKadaiAppUITests/Info.plist;
				LD_RUNPATH_SEARCH_PATHS = (
					"$(inherited)",
					"@executable_path/Frameworks",
					"@loader_path/Frameworks",
				);
				PRODUCT_BUNDLE_IDENTIFIER = Shibayama.SecondKadaiAppUITests;
				PRODUCT_NAME = "$(TARGET_NAME)";
				SWIFT_VERSION = 5.0;
				TARGETED_DEVICE_FAMILY = "1,2";
				TEST_TARGET_NAME = SecondKadaiApp;
			};
			name = Release;
		};
/* End XCBuildConfiguration section */

/* Begin XCConfigurationList section */
		D0567C8123D6D2220099DA9F /* Build configuration list for PBXProject "SecondKadaiApp" */ = {
			isa = XCConfigurationList;
			buildConfigurations = (
				D0567CAE23D6D22E0099DA9F /* Debug */,
				D0567CAF23D6D22E0099DA9F /* Release */,
			);
			defaultConfigurationIsVisible = 0;
			defaultConfigurationName = Release;
		};
		D0567CB023D6D22E0099DA9F /* Build configuration list for PBXNativeTarget "SecondKadaiApp" */ = {
			isa = XCConfigurationList;
			buildConfigurations = (
				D0567CB123D6D22E0099DA9F /* Debug */,
				D0567CB223D6D22E0099DA9F /* Release */,
			);
			defaultConfigurationIsVisible = 0;
			defaultConfigurationName = Release;
		};
		D0567CB323D6D22E0099DA9F /* Build configuration list for PBXNativeTarget "SecondKadaiAppTests" */ = {
			isa = XCConfigurationList;
			buildConfigurations = (
				D0567CB423D6D22E0099DA9F /* Debug */,
				D0567CB523D6D22E0099DA9F /* Release */,
			);
			defaultConfigurationIsVisible = 0;
			defaultConfigurationName = Release;
		};
		D0567CB623D6D22E0099DA9F /* Build configuration list for PBXNativeTarget "SecondKadaiAppUITests" */ = {
			isa = XCConfigurationList;
			buildConfigurations = (
				D0567CB723D6D22E0099DA9F /* Debug */,
				D0567CB823D6D22E0099DA9F /* Release */,
			);
			defaultConfigurationIsVisible = 0;
			defaultConfigurationName = Release;
		};
/* End XCConfigurationList section */
	};
	rootObject = D0567C7E23D6D2220099DA9F /* Project object */;
}
